// !$*UTF8*$!
{
	archiveVersion = 1;
	classes = {
	};
	objectVersion = 46;
	objects = {

/* Begin PBXBuildFile section */
		2314866D1D5E7A240061EDB4 /* bitoperation.cpp in Sources */ = {isa = PBXBuildFile; fileRef = 2314866B1D5E7A240061EDB4 /* bitoperation.cpp */; };
		23A75B801D56107600F44EFF /* main.cpp in Sources */ = {isa = PBXBuildFile; fileRef = 23A75B7F1D56107600F44EFF /* main.cpp */; };
		23A75B8A1D562DC900F44EFF /* problem.cpp in Sources */ = {isa = PBXBuildFile; fileRef = 23A75B881D562DC900F44EFF /* problem.cpp */; };
		23A75B8D1D562F1500F44EFF /* factory.cpp in Sources */ = {isa = PBXBuildFile; fileRef = 23A75B8B1D562F1500F44EFF /* factory.cpp */; };
		23A75B901D56305A00F44EFF /* orderedmatrix.cpp in Sources */ = {isa = PBXBuildFile; fileRef = 23A75B8E1D56305A00F44EFF /* orderedmatrix.cpp */; };
		23A75B931D5637BB00F44EFF /* printutil.cpp in Sources */ = {isa = PBXBuildFile; fileRef = 23A75B911D5637BB00F44EFF /* printutil.cpp */; };
/* End PBXBuildFile section */

/* Begin PBXCopyFilesBuildPhase section */
		23A75B7A1D56107600F44EFF /* CopyFiles */ = {
			isa = PBXCopyFilesBuildPhase;
			buildActionMask = 2147483647;
			dstPath = /usr/share/man/man1/;
			dstSubfolderSpec = 0;
			files = (
			);
			runOnlyForDeploymentPostprocessing = 1;
		};
/* End PBXCopyFilesBuildPhase section */

/* Begin PBXFileReference section */
		2314866B1D5E7A240061EDB4 /* bitoperation.cpp */ = {isa = PBXFileReference; fileEncoding = 4; lastKnownFileType = sourcecode.cpp.cpp; path = bitoperation.cpp; sourceTree = "<group>"; };
		2314866C1D5E7A240061EDB4 /* bitoperation.hpp */ = {isa = PBXFileReference; fileEncoding = 4; lastKnownFileType = sourcecode.cpp.h; path = bitoperation.hpp; sourceTree = "<group>"; };
		23A75B7C1D56107600F44EFF /* XiShuaShua */ = {isa = PBXFileReference; explicitFileType = "compiled.mach-o.executable"; includeInIndex = 0; path = XiShuaShua; sourceTree = BUILT_PRODUCTS_DIR; };
		23A75B7F1D56107600F44EFF /* main.cpp */ = {isa = PBXFileReference; lastKnownFileType = sourcecode.cpp.cpp; path = main.cpp; sourceTree = "<group>"; };
		23A75B881D562DC900F44EFF /* problem.cpp */ = {isa = PBXFileReference; fileEncoding = 4; lastKnownFileType = sourcecode.cpp.cpp; path = problem.cpp; sourceTree = "<group>"; };
		23A75B891D562DC900F44EFF /* problem.hpp */ = {isa = PBXFileReference; fileEncoding = 4; lastKnownFileType = sourcecode.cpp.h; path = problem.hpp; sourceTree = "<group>"; };
		23A75B8B1D562F1500F44EFF /* factory.cpp */ = {isa = PBXFileReference; fileEncoding = 4; lastKnownFileType = sourcecode.cpp.cpp; path = factory.cpp; sourceTree = "<group>"; };
		23A75B8C1D562F1500F44EFF /* factory.hpp */ = {isa = PBXFileReference; fileEncoding = 4; lastKnownFileType = sourcecode.cpp.h; path = factory.hpp; sourceTree = "<group>"; };
		23A75B8E1D56305A00F44EFF /* orderedmatrix.cpp */ = {isa = PBXFileReference; fileEncoding = 4; lastKnownFileType = sourcecode.cpp.cpp; path = orderedmatrix.cpp; sourceTree = "<group>"; };
		23A75B8F1D56305A00F44EFF /* orderedmatrix.hpp */ = {isa = PBXFileReference; fileEncoding = 4; lastKnownFileType = sourcecode.cpp.h; path = orderedmatrix.hpp; sourceTree = "<group>"; };
		23A75B911D5637BB00F44EFF /* printutil.cpp */ = {isa = PBXFileReference; fileEncoding = 4; lastKnownFileType = sourcecode.cpp.cpp; path = printutil.cpp; sourceTree = "<group>"; };
		23A75B921D5637BB00F44EFF /* printutil.hpp */ = {isa = PBXFileReference; fileEncoding = 4; lastKnownFileType = sourcecode.cpp.h; path = printutil.hpp; sourceTree = "<group>"; };
/* End PBXFileReference section */

/* Begin PBXFrameworksBuildPhase section */
		23A75B791D56107600F44EFF /* Frameworks */ = {
			isa = PBXFrameworksBuildPhase;
			buildActionMask = 2147483647;
			files = (
			);
			runOnlyForDeploymentPostprocessing = 0;
		};
/* End PBXFrameworksBuildPhase section */

/* Begin PBXGroup section */
		23A75B731D56107600F44EFF = {
			isa = PBXGroup;
			children = (
				23A75B7E1D56107600F44EFF /* XiShuaShua */,
				23A75B7D1D56107600F44EFF /* Products */,
			);
			sourceTree = "<group>";
		};
		23A75B7D1D56107600F44EFF /* Products */ = {
			isa = PBXGroup;
			children = (
				23A75B7C1D56107600F44EFF /* XiShuaShua */,
			);
			name = Products;
			sourceTree = "<group>";
		};
		23A75B7E1D56107600F44EFF /* XiShuaShua */ = {
			isa = PBXGroup;
			children = (
				23A75B7F1D56107600F44EFF /* main.cpp */,
				23A75B881D562DC900F44EFF /* problem.cpp */,
				23A75B891D562DC900F44EFF /* problem.hpp */,
				23A75B8B1D562F1500F44EFF /* factory.cpp */,
				23A75B8C1D562F1500F44EFF /* factory.hpp */,
				23A75B8E1D56305A00F44EFF /* orderedmatrix.cpp */,
				23A75B8F1D56305A00F44EFF /* orderedmatrix.hpp */,
				23A75B911D5637BB00F44EFF /* printutil.cpp */,
				23A75B921D5637BB00F44EFF /* printutil.hpp */,
				2314866B1D5E7A240061EDB4 /* bitoperation.cpp */,
				2314866C1D5E7A240061EDB4 /* bitoperation.hpp */,
			);
			path = XiShuaShua;
			sourceTree = "<group>";
		};
/* End PBXGroup section */

/* Begin PBXNativeTarget section */
		23A75B7B1D56107600F44EFF /* XiShuaShua */ = {
			isa = PBXNativeTarget;
			buildConfigurationList = 23A75B831D56107600F44EFF /* Build configuration list for PBXNativeTarget "XiShuaShua" */;
			buildPhases = (
				23A75B781D56107600F44EFF /* Sources */,
				23A75B791D56107600F44EFF /* Frameworks */,
				23A75B7A1D56107600F44EFF /* CopyFiles */,
			);
			buildRules = (
			);
			dependencies = (
			);
			name = XiShuaShua;
			productName = XiShuaShua;
			productReference = 23A75B7C1D56107600F44EFF /* XiShuaShua */;
			productType = "com.apple.product-type.tool";
		};
/* End PBXNativeTarget section */

/* Begin PBXProject section */
		23A75B741D56107600F44EFF /* Project object */ = {
			isa = PBXProject;
			attributes = {
				LastUpgradeCheck = 0730;
				ORGANIZATIONNAME = Yijian;
				TargetAttributes = {
					23A75B7B1D56107600F44EFF = {
						CreatedOnToolsVersion = 7.3.1;
					};
				};
			};
			buildConfigurationList = 23A75B771D56107600F44EFF /* Build configuration list for PBXProject "XiShuaShua" */;
			compatibilityVersion = "Xcode 3.2";
			developmentRegion = English;
			hasScannedForEncodings = 0;
			knownRegions = (
				en,
			);
			mainGroup = 23A75B731D56107600F44EFF;
			productRefGroup = 23A75B7D1D56107600F44EFF /* Products */;
			projectDirPath = "";
			projectRoot = "";
			targets = (
				23A75B7B1D56107600F44EFF /* XiShuaShua */,
			);
		};
/* End PBXProject section */

/* Begin PBXSourcesBuildPhase section */
		23A75B781D56107600F44EFF /* Sources */ = {
			isa = PBXSourcesBuildPhase;
			buildActionMask = 2147483647;
			files = (
				23A75B901D56305A00F44EFF /* orderedmatrix.cpp in Sources */,
				23A75B801D56107600F44EFF /* main.cpp in Sources */,
				23A75B931D5637BB00F44EFF /* printutil.cpp in Sources */,
				2314866D1D5E7A240061EDB4 /* bitoperation.cpp in Sources */,
				23A75B8D1D562F1500F44EFF /* factory.cpp in Sources */,
				23A75B8A1D562DC900F44EFF /* problem.cpp in Sources */,
			);
			runOnlyForDeploymentPostprocessing = 0;
		};
/* End PBXSourcesBuildPhase section */

/* Begin XCBuildConfiguration section */
		23A75B811D56107600F44EFF /* Debug */ = {
			isa = XCBuildConfiguration;
			buildSettings = {
				ALWAYS_SEARCH_USER_PATHS = NO;
				CLANG_ANALYZER_NONNULL = YES;
				CLANG_CXX_LANGUAGE_STANDARD = "gnu++0x";
				CLANG_CXX_LIBRARY = "libc++";
				CLANG_ENABLE_MODULES = YES;
				CLANG_ENABLE_OBJC_ARC = YES;
				CLANG_WARN_BOOL_CONVERSION = YES;
				CLANG_WARN_CONSTANT_CONVERSION = YES;
				CLANG_WARN_DIRECT_OBJC_ISA_USAGE = YES_ERROR;
				CLANG_WARN_EMPTY_BODY = YES;
				CLANG_WARN_ENUM_CONVERSION = YES;
				CLANG_WARN_INT_CONVERSION = YES;
				CLANG_WARN_OBJC_ROOT_CLASS = YES_ERROR;
				CLANG_WARN_UNREACHABLE_CODE = YES;
				CLANG_WARN__DUPLICATE_METHOD_MATCH = YES;
				CODE_SIGN_IDENTITY = "-";
				COPY_PHASE_STRIP = NO;
				DEBUG_INFORMATION_FORMAT = dwarf;
				ENABLE_STRICT_OBJC_MSGSEND = YES;
				ENABLE_TESTABILITY = YES;
				GCC_C_LANGUAGE_STANDARD = gnu99;
				GCC_DYNAMIC_NO_PIC = NO;
				GCC_NO_COMMON_BLOCKS = YES;
				GCC_OPTIMIZATION_LEVEL = 0;
				GCC_PREPROCESSOR_DEFINITIONS = (
					"DEBUG=1",
					"$(inherited)",
				);
				GCC_WARN_64_TO_32_BIT_CONVERSION = YES;
				GCC_WARN_ABOUT_RETURN_TYPE = YES_ERROR;
				GCC_WARN_UNDECLARED_SELECTOR = YES;
				GCC_WARN_UNINITIALIZED_AUTOS = YES_AGGRESSIVE;
				GCC_WARN_UNUSED_FUNCTION = YES;
				GCC_WARN_UNUSED_VARIABLE = YES;
				MACOSX_DEPLOYMENT_TARGET = 10.11;
				MTL_ENABLE_DEBUG_INFO = YES;
				ONLY_ACTIVE_ARCH = YES;
				SDKROOT = macosx;
			};
			name = Debug;
		};
		23A75B821D56107600F44EFF /* Release */ = {
			isa = XCBuildConfiguration;
			buildSettings = {
				ALWAYS_SEARCH_USER_PATHS = NO;
				CLANG_ANALYZER_NONNULL = YES;
				CLANG_CXX_LANGUAGE_STANDARD = "gnu++0x";
				CLANG_CXX_LIBRARY = "libc++";
				CLANG_ENABLE_MODULES = YES;
				CLANG_ENABLE_OBJC_ARC = YES;
				CLANG_WARN_BOOL_CONVERSION = YES;
				CLANG_WARN_CONSTANT_CONVERSION = YES;
				CLANG_WARN_DIRECT_OBJC_ISA_USAGE = YES_ERROR;
				CLANG_WARN_EMPTY_BODY = YES;
				CLANG_WARN_ENUM_CONVERSION = YES;
				CLANG_WARN_INT_CONVERSION = YES;
				CLANG_WARN_OBJC_ROOT_CLASS = YES_ERROR;
				CLANG_WARN_UNREACHABLE_CODE = YES;
				CLANG_WARN__DUPLICATE_METHOD_MATCH = YES;
				CODE_SIGN_IDENTITY = "-";
				COPY_PHASE_STRIP = NO;
				DEBUG_INFORMATION_FORMAT = "dwarf-with-dsym";
				ENABLE_NS_ASSERTIONS = NO;
				ENABLE_STRICT_OBJC_MSGSEND = YES;
				GCC_C_LANGUAGE_STANDARD = gnu99;
				GCC_NO_COMMON_BLOCKS = YES;
				GCC_WARN_64_TO_32_BIT_CONVERSION = YES;
				GCC_WARN_ABOUT_RETURN_TYPE = YES_ERROR;
				GCC_WARN_UNDECLARED_SELECTOR = YES;
				GCC_WARN_UNINITIALIZED_AUTOS = YES_AGGRESSIVE;
				GCC_WARN_UNUSED_FUNCTION = YES;
				GCC_WARN_UNUSED_VARIABLE = YES;
				MACOSX_DEPLOYMENT_TARGET = 10.11;
				MTL_ENABLE_DEBUG_INFO = NO;
				SDKROOT = macosx;
			};
			name = Release;
		};
		23A75B841D56107600F44EFF /* Debug */ = {
			isa = XCBuildConfiguration;
			buildSettings = {
				PRODUCT_NAME = "$(TARGET_NAME)";
			};
			name = Debug;
		};
		23A75B851D56107600F44EFF /* Release */ = {
			isa = XCBuildConfiguration;
			buildSettings = {
				PRODUCT_NAME = "$(TARGET_NAME)";
			};
			name = Release;
		};
/* End XCBuildConfiguration section */

/* Begin XCConfigurationList section */
		23A75B771D56107600F44EFF /* Build configuration list for PBXProject "XiShuaShua" */ = {
			isa = XCConfigurationList;
			buildConfigurations = (
				23A75B811D56107600F44EFF /* Debug */,
				23A75B821D56107600F44EFF /* Release */,
			);
			defaultConfigurationIsVisible = 0;
			defaultConfigurationName = Release;
		};
		23A75B831D56107600F44EFF /* Build configuration list for PBXNativeTarget "XiShuaShua" */ = {
			isa = XCConfigurationList;
			buildConfigurations = (
				23A75B841D56107600F44EFF /* Debug */,
				23A75B851D56107600F44EFF /* Release */,
			);
			defaultConfigurationIsVisible = 0;
			defaultConfigurationName = Release;
		};
/* End XCConfigurationList section */
	};
	rootObject = 23A75B741D56107600F44EFF /* Project object */;
}
